
Microsoft Visual Studio Solution File, Format Version 12.00
# Visual Studio 15
Project("{FAE04EC0-301F-11D3-BF4B-00C04F79EFBC}") = "VR_game_First_person.Plugins", "VR_game_First_person.Plugins.csproj", "{E61BE070-EA0C-2713-5375-7B8CB4A04E28}"
EndProject
Project("{FAE04EC0-301F-11D3-BF4B-00C04F79EFBC}") = "VR_game_First_person", "VR_game_First_person.csproj", "{7B4F8D06-5E12-5CA2-55A5-FDDD961ADD0B}"
EndProject
Project("{FAE04EC0-301F-11D3-BF4B-00C04F79EFBC}") = "VR_game_First_person.Editor.Plugins", "VR_game_First_person.Editor.Plugins.csproj", "{A61236AA-D701-774B-4E6E-8A7283FED7F9}"
EndProject
Project("{FAE04EC0-301F-11D3-BF4B-00C04F79EFBC}") = "VR_game_First_person.Editor", "VR_game_First_person.Editor.csproj", "{574B1B42-B299-E5CF-AA4F-8B107F3EB9E4}"
EndProject
Global
	GlobalSection(SolutionConfigurationPlatforms) = preSolution
		Debug|Any CPU = Debug|Any CPU
		Release|Any CPU = Release|Any CPU
	EndGlobalSection
	GlobalSection(ProjectConfigurationPlatforms) = postSolution
		{E61BE070-EA0C-2713-5375-7B8CB4A04E28}.Debug|Any CPU.ActiveCfg = Debug|Any CPU
		{E61BE070-EA0C-2713-5375-7B8CB4A04E28}.Debug|Any CPU.Build.0 = Debug|Any CPU
		{E61BE070-EA0C-2713-5375-7B8CB4A04E28}.Release|Any CPU.ActiveCfg = Release|Any CPU
		{E61BE070-EA0C-2713-5375-7B8CB4A04E28}.Release|Any CPU.Build.0 = Release|Any CPU
		{7B4F8D06-5E12-5CA2-55A5-FDDD961ADD0B}.Debug|Any CPU.ActiveCfg = Debug|Any CPU
		{7B4F8D06-5E12-5CA2-55A5-FDDD961ADD0B}.Debug|Any CPU.Build.0 = Debug|Any CPU
		{7B4F8D06-5E12-5CA2-55A5-FDDD961ADD0B}.Release|Any CPU.ActiveCfg = Release|Any CPU
		{7B4F8D06-5E12-5CA2-55A5-FDDD961ADD0B}.Release|Any CPU.Build.0 = Release|Any CPU
		{A61236AA-D701-774B-4E6E-8A7283FED7F9}.Debug|Any CPU.ActiveCfg = Debug|Any CPU
		{A61236AA-D701-774B-4E6E-8A7283FED7F9}.Debug|Any CPU.Build.0 = Debug|Any CPU
		{A61236AA-D701-774B-4E6E-8A7283FED7F9}.Release|Any CPU.ActiveCfg = Release|Any CPU
		{A61236AA-D701-774B-4E6E-8A7283FED7F9}.Release|Any CPU.Build.0 = Release|Any CPU
		{574B1B42-B299-E5CF-AA4F-8B107F3EB9E4}.Debug|Any CPU.ActiveCfg = Debug|Any CPU
		{574B1B42-B299-E5CF-AA4F-8B107F3EB9E4}.Debug|Any CPU.Build.0 = Debug|Any CPU
		{574B1B42-B299-E5CF-AA4F-8B107F3EB9E4}.Release|Any CPU.ActiveCfg = Release|Any CPU
		{574B1B42-B299-E5CF-AA4F-8B107F3EB9E4}.Release|Any CPU.Build.0 = Release|Any CPU
	EndGlobalSection
	GlobalSection(SolutionProperties) = preSolution
		HideSolutionNode = FALSE
	EndGlobalSection
EndGlobal
